
Microsoft Visual Studio Solution File, Format Version 12.00
# Visual Studio Version 16
VisualStudioVersion = 25.0.1700.2
MinimumVisualStudioVersion = 10.0.40219.1
Project("{FAE04EC0-301F-11D3-BF4B-00C04F79EFBC}") = "ProjectDepot", "ProjectDepot.csproj", "{D460AA91-9C27-4BBA-8724-D0C59B1B24F4}"
EndProject
Global
	GlobalSection(SolutionConfigurationPlatforms) = preSolution
		Debug|Any CPU = Debug|Any CPU
		Release|Any CPU = Release|Any CPU
	EndGlobalSection
	GlobalSection(ProjectConfigurationPlatforms) = postSolution
		{D460AA91-9C27-4BBA-8724-D0C59B1B24F4}.Debug|Any CPU.ActiveCfg = Debug|Any CPU
		{D460AA91-9C27-4BBA-8724-D0C59B1B24F4}.Debug|Any CPU.Build.0 = Debug|Any CPU
		{D460AA91-9C27-4BBA-8724-D0C59B1B24F4}.Release|Any CPU.ActiveCfg = Release|Any CPU
		{D460AA91-9C27-4BBA-8724-D0C59B1B24F4}.Release|Any CPU.Build.0 = Release|Any CPU
	EndGlobalSection
	GlobalSection(SolutionProperties) = preSolution
		HideSolutionNode = FALSE
	EndGlobalSection
	GlobalSection(ExtensibilityGlobals) = postSolution
		SolutionGuid = {FB1CFB6C-AE10-43B3-B83F-F4307D501109}
	EndGlobalSection
EndGlobal
